
Microsoft Visual Studio Solution File, Format Version 12.00
# Visual Studio Version 17
VisualStudioVersion = 17.13.35806.99 d17.13
MinimumVisualStudioVersion = 10.0.40219.1
Project("{FAE04EC0-301F-11D3-BF4B-00C04F79EFBC}") = "AkaryakitIstasyonu", "AkaryakitIstasyonu\AkaryakitIstasyonu.csproj", "{FB0B9B79-1DB0-4AA9-8B82-A62E771EE626}"
EndProject
Global
	GlobalSection(SolutionConfigurationPlatforms) = preSolution
		Debug|Any CPU = Debug|Any CPU
		Release|Any CPU = Release|Any CPU
	EndGlobalSection
	GlobalSection(ProjectConfigurationPlatforms) = postSolution
		{FB0B9B79-1DB0-4AA9-8B82-A62E771EE626}.Debug|Any CPU.ActiveCfg = Debug|Any CPU
		{FB0B9B79-1DB0-4AA9-8B82-A62E771EE626}.Debug|Any CPU.Build.0 = Debug|Any CPU
		{FB0B9B79-1DB0-4AA9-8B82-A62E771EE626}.Release|Any CPU.ActiveCfg = Release|Any CPU
		{FB0B9B79-1DB0-4AA9-8B82-A62E771EE626}.Release|Any CPU.Build.0 = Release|Any CPU
	EndGlobalSection
	GlobalSection(SolutionProperties) = preSolution
		HideSolutionNode = FALSE
	EndGlobalSection
	GlobalSection(ExtensibilityGlobals) = postSolution
		SolutionGuid = {2E373507-FE6D-46C8-8240-717558D66F88}
	EndGlobalSection
EndGlobal
